
Microsoft Visual Studio Solution File, Format Version 12.00
# Visual Studio 15
VisualStudioVersion = 15.0.27004.2005
MinimumVisualStudioVersion = 10.0.40219.1
Project("{FAE04EC0-301F-11D3-BF4B-00C04F79EFBC}") = "HReader.Core", "HReader.Core\HReader.Core.csproj", "{3A8F9DAF-C9D4-4AF5-8F06-C6AA3CD74CBD}"
EndProject
Global
	GlobalSection(SolutionConfigurationPlatforms) = preSolution
		Debug|Any CPU = Debug|Any CPU
		Release|Any CPU = Release|Any CPU
	EndGlobalSection
	GlobalSection(ProjectConfigurationPlatforms) = postSolution
		{3A8F9DAF-C9D4-4AF5-8F06-C6AA3CD74CBD}.Debug|Any CPU.ActiveCfg = Debug|Any CPU
		{3A8F9DAF-C9D4-4AF5-8F06-C6AA3CD74CBD}.Debug|Any CPU.Build.0 = Debug|Any CPU
		{3A8F9DAF-C9D4-4AF5-8F06-C6AA3CD74CBD}.Release|Any CPU.ActiveCfg = Release|Any CPU
		{3A8F9DAF-C9D4-4AF5-8F06-C6AA3CD74CBD}.Release|Any CPU.Build.0 = Release|Any CPU
	EndGlobalSection
	GlobalSection(SolutionProperties) = preSolution
		HideSolutionNode = FALSE
	EndGlobalSection
	GlobalSection(ExtensibilityGlobals) = postSolution
		SolutionGuid = {CCC8C264-BB7D-4F33-994E-6DB8E2ED67A4}
	EndGlobalSection
EndGlobal
